
PODS:
- AFNetworking (1.1.0)
- Foursquare-iOS-API (1.1.0):
  - JSONKit (~> 1.4)
- JSONKit (1.5pre)
- SBJson (3.2)
- SDWebImage (3.1):
  - SDWebImage/Main (= 3.1)
- SDWebImage/Main (3.1)
- SocketRocket (0.2.0)
- socket.IO (0.0.1):
  - SBJson (~> 3.1)
  - SocketRocket (~> 0.1)

DEPENDENCIES:
- AFNetworking (~> 1.1.0)
- Foursquare-iOS-API (~> 1.1.0)
- SDWebImage (~> 3.1.x)
- socket.IO (~> 0.0.1)

SPEC CHECKSUMS:
  AFNetworking: 761a418233d280c1e0580bcb76ff9cb4c3073d17
  Foursquare-iOS-API: fd545c468ea39d46e3dc78a81abd87456f9f4996
  JSONKit: 3d4708953ea7ae399a49777372d8b060a43ddd27
  SBJson: 4971016670e7b3fa04a36d4e72ab0fb1ad3a9f69
  SDWebImage: 9e70e5dd0c69d1a043180cd2c5e1d0cd1e4ebcd7
  SDWebImage/Main: 9e70e5dd0c69d1a043180cd2c5e1d0cd1e4ebcd7
  SocketRocket: a0529878e3c4c200196fa3a7e2ac1ef34aa33ffe
  socket.IO: e37eb1e538a894f45eb0812feeb21e448eb7d94e

COCOAPODS: 0.16.1
