// !$*UTF8*$!
{
	archiveVersion = 1;
	classes = {
	};
	objectVersion = 46;
	objects = {

/* Begin PBXBuildFile section */
		360DA3192B844750AF28EFA3 /* libPods.a in Frameworks */ = {isa = PBXBuildFile; fileRef = 13F3300638B741B1B4539FC4 /* libPods.a */; };
		3A03182216C37ED100406308 /* GCMessageCell.m in Sources */ = {isa = PBXBuildFile; fileRef = 3A03182116C37ED100406308 /* GCMessageCell.m */; };
		3A03182416C37EEA00406308 /* GCMessageCell.xib in Resources */ = {isa = PBXBuildFile; fileRef = 3A03182316C37EEA00406308 /* GCMessageCell.xib */; };
		3A3F61BC16CC23350033085E /* GCVenuesViewController.m in Sources */ = {isa = PBXBuildFile; fileRef = 3A3F61BB16CC23350033085E /* GCVenuesViewController.m */; };
		3A78E02416C236850067FC2A /* ACPlaceholderTextView.m in Sources */ = {isa = PBXBuildFile; fileRef = 3A78E02316C236850067FC2A /* ACPlaceholderTextView.m */; };
		3A78E02E16C2369D0067FC2A /* MessageInputBarBackground.png in Resources */ = {isa = PBXBuildFile; fileRef = 3A78E02616C2369D0067FC2A /* MessageInputBarBackground.png */; };
		3A78E02F16C2369D0067FC2A /* MessageInputBarBackground@2x.png in Resources */ = {isa = PBXBuildFile; fileRef = 3A78E02716C2369D0067FC2A /* MessageInputBarBackground@2x.png */; };
		3A78E03016C2369D0067FC2A /* MessageInputFieldBackground.png in Resources */ = {isa = PBXBuildFile; fileRef = 3A78E02816C2369D0067FC2A /* MessageInputFieldBackground.png */; };
		3A78E03116C2369D0067FC2A /* MessageInputFieldBackground@2x.png in Resources */ = {isa = PBXBuildFile; fileRef = 3A78E02916C2369D0067FC2A /* MessageInputFieldBackground@2x.png */; };
		3A78E03216C2369D0067FC2A /* SendButton.png in Resources */ = {isa = PBXBuildFile; fileRef = 3A78E02A16C2369D0067FC2A /* SendButton.png */; };
		3A78E03316C2369D0067FC2A /* SendButton@2x.png in Resources */ = {isa = PBXBuildFile; fileRef = 3A78E02B16C2369D0067FC2A /* SendButton@2x.png */; };
		3A78E03416C2369D0067FC2A /* SendButtonHighlighted.png in Resources */ = {isa = PBXBuildFile; fileRef = 3A78E02C16C2369D0067FC2A /* SendButtonHighlighted.png */; };
		3A78E03516C2369D0067FC2A /* SendButtonHighlighted@2x.png in Resources */ = {isa = PBXBuildFile; fileRef = 3A78E02D16C2369D0067FC2A /* SendButtonHighlighted@2x.png */; };
		3A8C343016C42C1B00088A97 /* default_avatar.png in Resources */ = {isa = PBXBuildFile; fileRef = 3A8C342F16C42C1B00088A97 /* default_avatar.png */; };
		3AA1003516C5CC1300ACA768 /* SkyBlue.nss in Resources */ = {isa = PBXBuildFile; fileRef = 3AA1003416C5CC1300ACA768 /* SkyBlue.nss */; };
		3AA1B6F216C1876E001EE4E8 /* data.plist in Resources */ = {isa = PBXBuildFile; fileRef = 3AA1B6F116C1876E001EE4E8 /* data.plist */; };
		3AA1B73A16C1C070001EE4E8 /* GCNavigationController.m in Sources */ = {isa = PBXBuildFile; fileRef = 3AA1B73916C1C06F001EE4E8 /* GCNavigationController.m */; };
		3AA1B74116C1E61C001EE4E8 /* CoreLocation.framework in Frameworks */ = {isa = PBXBuildFile; fileRef = 3AA1B74016C1E61C001EE4E8 /* CoreLocation.framework */; };
		3AA1B74816C1FEA5001EE4E8 /* GCConversation.m in Sources */ = {isa = PBXBuildFile; fileRef = 3AA1B74716C1FEA5001EE4E8 /* GCConversation.m */; };
		3AA1B74B16C1FF88001EE4E8 /* GCMessage.m in Sources */ = {isa = PBXBuildFile; fileRef = 3AA1B74A16C1FF88001EE4E8 /* GCMessage.m */; };
		3AA1B75116C20120001EE4E8 /* GCConversationViewController.m in Sources */ = {isa = PBXBuildFile; fileRef = 3AA1B75016C20120001EE4E8 /* GCConversationViewController.m */; };
		3AC7573A16CAD15C00C92790 /* .gitignore in Resources */ = {isa = PBXBuildFile; fileRef = 3AC7571A16CAD15C00C92790 /* .gitignore */; };
		3AC7573B16CAD15C00C92790 /* .gitmodules in Resources */ = {isa = PBXBuildFile; fileRef = 3AC7571B16CAD15C00C92790 /* .gitmodules */; };
		3AC7574616CAD15C00C92790 /* FAImageView.m in Sources */ = {isa = PBXBuildFile; fileRef = 3AC7573216CAD15C00C92790 /* FAImageView.m */; };
		3AC7574716CAD15C00C92790 /* NSString+FontAwesome.m in Sources */ = {isa = PBXBuildFile; fileRef = 3AC7573416CAD15C00C92790 /* NSString+FontAwesome.m */; };
		3AC7574816CAD15C00C92790 /* README.md in Resources */ = {isa = PBXBuildFile; fileRef = 3AC7573516CAD15C00C92790 /* README.md */; };
		3AC7574916CAD15C00C92790 /* FontAwesome.ttf in Resources */ = {isa = PBXBuildFile; fileRef = 3AC7573716CAD15C00C92790 /* FontAwesome.ttf */; };
		3AC7574A16CAD15C00C92790 /* UIFont+FontAwesome.m in Sources */ = {isa = PBXBuildFile; fileRef = 3AC7573916CAD15C00C92790 /* UIFont+FontAwesome.m */; };
		3ACC8A6016CB1CD30086084B /* MapKit.framework in Frameworks */ = {isa = PBXBuildFile; fileRef = 3ACC8A5F16CB1CD30086084B /* MapKit.framework */; };
		3ACC8A6316CB26CD0086084B /* GCPlaceCell.m in Sources */ = {isa = PBXBuildFile; fileRef = 3ACC8A6216CB26CD0086084B /* GCPlaceCell.m */; };
		3ACC8A6516CB26E10086084B /* GCPlaceCell.xib in Resources */ = {isa = PBXBuildFile; fileRef = 3ACC8A6416CB26E10086084B /* GCPlaceCell.xib */; };
		3AF0C32C16C0DFDA009A3551 /* UIKit.framework in Frameworks */ = {isa = PBXBuildFile; fileRef = 3AF0C32B16C0DFDA009A3551 /* UIKit.framework */; };
		3AF0C32E16C0DFDA009A3551 /* Foundation.framework in Frameworks */ = {isa = PBXBuildFile; fileRef = 3AF0C32D16C0DFDA009A3551 /* Foundation.framework */; };
		3AF0C33016C0DFDB009A3551 /* CoreGraphics.framework in Frameworks */ = {isa = PBXBuildFile; fileRef = 3AF0C32F16C0DFDA009A3551 /* CoreGraphics.framework */; };
		3AF0C33616C0DFDB009A3551 /* InfoPlist.strings in Resources */ = {isa = PBXBuildFile; fileRef = 3AF0C33416C0DFDB009A3551 /* InfoPlist.strings */; };
		3AF0C33816C0DFDB009A3551 /* main.m in Sources */ = {isa = PBXBuildFile; fileRef = 3AF0C33716C0DFDB009A3551 /* main.m */; };
		3AF0C33C16C0DFDB009A3551 /* GCAppDelegate.m in Sources */ = {isa = PBXBuildFile; fileRef = 3AF0C33B16C0DFDB009A3551 /* GCAppDelegate.m */; };
		3AF0C33E16C0DFDB009A3551 /* Default.png in Resources */ = {isa = PBXBuildFile; fileRef = 3AF0C33D16C0DFDB009A3551 /* Default.png */; };
		3AF0C34016C0DFDB009A3551 /* Default@2x.png in Resources */ = {isa = PBXBuildFile; fileRef = 3AF0C33F16C0DFDB009A3551 /* Default@2x.png */; };
		3AF0C34216C0DFDB009A3551 /* Default-568h@2x.png in Resources */ = {isa = PBXBuildFile; fileRef = 3AF0C34116C0DFDB009A3551 /* Default-568h@2x.png */; };
		3AF0C35116C0E05F009A3551 /* GCLoginViewController.m in Sources */ = {isa = PBXBuildFile; fileRef = 3AF0C34F16C0E05F009A3551 /* GCLoginViewController.m */; };
		3AF0C35216C0E05F009A3551 /* GCLoginViewController.xib in Resources */ = {isa = PBXBuildFile; fileRef = 3AF0C35016C0E05F009A3551 /* GCLoginViewController.xib */; };
		3AF0C35B16C0F453009A3551 /* MobileCoreServices.framework in Frameworks */ = {isa = PBXBuildFile; fileRef = 3AF0C35A16C0F453009A3551 /* MobileCoreServices.framework */; };
/* End PBXBuildFile section */

/* Begin PBXFileReference section */
		13F3300638B741B1B4539FC4 /* libPods.a */ = {isa = PBXFileReference; explicitFileType = archive.ar; includeInIndex = 0; path = libPods.a; sourceTree = BUILT_PRODUCTS_DIR; };
		3A03182016C37ED100406308 /* GCMessageCell.h */ = {isa = PBXFileReference; fileEncoding = 4; lastKnownFileType = sourcecode.c.h; path = GCMessageCell.h; sourceTree = "<group>"; };
		3A03182116C37ED100406308 /* GCMessageCell.m */ = {isa = PBXFileReference; fileEncoding = 4; lastKnownFileType = sourcecode.c.objc; path = GCMessageCell.m; sourceTree = "<group>"; };
		3A03182316C37EEA00406308 /* GCMessageCell.xib */ = {isa = PBXFileReference; fileEncoding = 4; lastKnownFileType = file.xib; path = GCMessageCell.xib; sourceTree = "<group>"; };
		3A3F61BA16CC23350033085E /* GCVenuesViewController.h */ = {isa = PBXFileReference; fileEncoding = 4; lastKnownFileType = sourcecode.c.h; path = GCVenuesViewController.h; sourceTree = "<group>"; };
		3A3F61BB16CC23350033085E /* GCVenuesViewController.m */ = {isa = PBXFileReference; fileEncoding = 4; lastKnownFileType = sourcecode.c.objc; path = GCVenuesViewController.m; sourceTree = "<group>"; };
		3A78E02216C236850067FC2A /* ACPlaceholderTextView.h */ = {isa = PBXFileReference; fileEncoding = 4; lastKnownFileType = sourcecode.c.h; path = ACPlaceholderTextView.h; sourceTree = "<group>"; };
		3A78E02316C236850067FC2A /* ACPlaceholderTextView.m */ = {isa = PBXFileReference; fileEncoding = 4; lastKnownFileType = sourcecode.c.objc; path = ACPlaceholderTextView.m; sourceTree = "<group>"; };
		3A78E02616C2369D0067FC2A /* MessageInputBarBackground.png */ = {isa = PBXFileReference; lastKnownFileType = image.png; path = MessageInputBarBackground.png; sourceTree = "<group>"; };
		3A78E02716C2369D0067FC2A /* MessageInputBarBackground@2x.png */ = {isa = PBXFileReference; lastKnownFileType = image.png; path = "MessageInputBarBackground@2x.png"; sourceTree = "<group>"; };
		3A78E02816C2369D0067FC2A /* MessageInputFieldBackground.png */ = {isa = PBXFileReference; lastKnownFileType = image.png; path = MessageInputFieldBackground.png; sourceTree = "<group>"; };
		3A78E02916C2369D0067FC2A /* MessageInputFieldBackground@2x.png */ = {isa = PBXFileReference; lastKnownFileType = image.png; path = "MessageInputFieldBackground@2x.png"; sourceTree = "<group>"; };
		3A78E02A16C2369D0067FC2A /* SendButton.png */ = {isa = PBXFileReference; lastKnownFileType = image.png; path = SendButton.png; sourceTree = "<group>"; };
		3A78E02B16C2369D0067FC2A /* SendButton@2x.png */ = {isa = PBXFileReference; lastKnownFileType = image.png; path = "SendButton@2x.png"; sourceTree = "<group>"; };
		3A78E02C16C2369D0067FC2A /* SendButtonHighlighted.png */ = {isa = PBXFileReference; lastKnownFileType = image.png; path = SendButtonHighlighted.png; sourceTree = "<group>"; };
		3A78E02D16C2369D0067FC2A /* SendButtonHighlighted@2x.png */ = {isa = PBXFileReference; lastKnownFileType = image.png; path = "SendButtonHighlighted@2x.png"; sourceTree = "<group>"; };
		3A8C342F16C42C1B00088A97 /* default_avatar.png */ = {isa = PBXFileReference; lastKnownFileType = image.png; path = default_avatar.png; sourceTree = "<group>"; };
		3AA1003416C5CC1300ACA768 /* SkyBlue.nss */ = {isa = PBXFileReference; fileEncoding = 4; lastKnownFileType = text; path = SkyBlue.nss; sourceTree = "<group>"; };
		3AA1B6F116C1876E001EE4E8 /* data.plist */ = {isa = PBXFileReference; fileEncoding = 4; lastKnownFileType = text.plist.xml; name = data.plist; path = geochat/data.plist; sourceTree = "<group>"; };
		3AA1B73816C1C06F001EE4E8 /* GCNavigationController.h */ = {isa = PBXFileReference; fileEncoding = 4; lastKnownFileType = sourcecode.c.h; path = GCNavigationController.h; sourceTree = "<group>"; };
		3AA1B73916C1C06F001EE4E8 /* GCNavigationController.m */ = {isa = PBXFileReference; fileEncoding = 4; lastKnownFileType = sourcecode.c.objc; path = GCNavigationController.m; sourceTree = "<group>"; };
		3AA1B74016C1E61C001EE4E8 /* CoreLocation.framework */ = {isa = PBXFileReference; lastKnownFileType = wrapper.framework; name = CoreLocation.framework; path = System/Library/Frameworks/CoreLocation.framework; sourceTree = SDKROOT; };
		3AA1B74616C1FEA5001EE4E8 /* GCConversation.h */ = {isa = PBXFileReference; fileEncoding = 4; lastKnownFileType = sourcecode.c.h; path = GCConversation.h; sourceTree = "<group>"; };
		3AA1B74716C1FEA5001EE4E8 /* GCConversation.m */ = {isa = PBXFileReference; fileEncoding = 4; lastKnownFileType = sourcecode.c.objc; path = GCConversation.m; sourceTree = "<group>"; };
		3AA1B74916C1FF88001EE4E8 /* GCMessage.h */ = {isa = PBXFileReference; fileEncoding = 4; lastKnownFileType = sourcecode.c.h; path = GCMessage.h; sourceTree = "<group>"; };
		3AA1B74A16C1FF88001EE4E8 /* GCMessage.m */ = {isa = PBXFileReference; fileEncoding = 4; lastKnownFileType = sourcecode.c.objc; path = GCMessage.m; sourceTree = "<group>"; };
		3AA1B74F16C20120001EE4E8 /* GCConversationViewController.h */ = {isa = PBXFileReference; fileEncoding = 4; lastKnownFileType = sourcecode.c.h; path = GCConversationViewController.h; sourceTree = "<group>"; };
		3AA1B75016C20120001EE4E8 /* GCConversationViewController.m */ = {isa = PBXFileReference; fileEncoding = 4; lastKnownFileType = sourcecode.c.objc; path = GCConversationViewController.m; sourceTree = "<group>"; };
		3AC7571A16CAD15C00C92790 /* .gitignore */ = {isa = PBXFileReference; fileEncoding = 4; lastKnownFileType = text; path = .gitignore; sourceTree = "<group>"; };
		3AC7571B16CAD15C00C92790 /* .gitmodules */ = {isa = PBXFileReference; fileEncoding = 4; lastKnownFileType = text; path = .gitmodules; sourceTree = "<group>"; };
		3AC7573116CAD15C00C92790 /* FAImageView.h */ = {isa = PBXFileReference; fileEncoding = 4; lastKnownFileType = sourcecode.c.h; path = FAImageView.h; sourceTree = "<group>"; };
		3AC7573216CAD15C00C92790 /* FAImageView.m */ = {isa = PBXFileReference; fileEncoding = 4; lastKnownFileType = sourcecode.c.objc; path = FAImageView.m; sourceTree = "<group>"; };
		3AC7573316CAD15C00C92790 /* NSString+FontAwesome.h */ = {isa = PBXFileReference; fileEncoding = 4; lastKnownFileType = sourcecode.c.h; path = "NSString+FontAwesome.h"; sourceTree = "<group>"; };
		3AC7573416CAD15C00C92790 /* NSString+FontAwesome.m */ = {isa = PBXFileReference; fileEncoding = 4; lastKnownFileType = sourcecode.c.objc; path = "NSString+FontAwesome.m"; sourceTree = "<group>"; };
		3AC7573516CAD15C00C92790 /* README.md */ = {isa = PBXFileReference; fileEncoding = 4; lastKnownFileType = text; path = README.md; sourceTree = "<group>"; };
		3AC7573716CAD15C00C92790 /* FontAwesome.ttf */ = {isa = PBXFileReference; lastKnownFileType = file; path = FontAwesome.ttf; sourceTree = "<group>"; };
		3AC7573816CAD15C00C92790 /* UIFont+FontAwesome.h */ = {isa = PBXFileReference; fileEncoding = 4; lastKnownFileType = sourcecode.c.h; path = "UIFont+FontAwesome.h"; sourceTree = "<group>"; };
		3AC7573916CAD15C00C92790 /* UIFont+FontAwesome.m */ = {isa = PBXFileReference; fileEncoding = 4; lastKnownFileType = sourcecode.c.objc; path = "UIFont+FontAwesome.m"; sourceTree = "<group>"; };
		3ACC8A5F16CB1CD30086084B /* MapKit.framework */ = {isa = PBXFileReference; lastKnownFileType = wrapper.framework; name = MapKit.framework; path = System/Library/Frameworks/MapKit.framework; sourceTree = SDKROOT; };
		3ACC8A6116CB26CD0086084B /* GCPlaceCell.h */ = {isa = PBXFileReference; fileEncoding = 4; lastKnownFileType = sourcecode.c.h; path = GCPlaceCell.h; sourceTree = "<group>"; };
		3ACC8A6216CB26CD0086084B /* GCPlaceCell.m */ = {isa = PBXFileReference; fileEncoding = 4; lastKnownFileType = sourcecode.c.objc; path = GCPlaceCell.m; sourceTree = "<group>"; };
		3ACC8A6416CB26E10086084B /* GCPlaceCell.xib */ = {isa = PBXFileReference; fileEncoding = 4; lastKnownFileType = file.xib; path = GCPlaceCell.xib; sourceTree = "<group>"; };
		3AF0C32816C0DFDA009A3551 /* geochat.app */ = {isa = PBXFileReference; explicitFileType = wrapper.application; includeInIndex = 0; path = geochat.app; sourceTree = BUILT_PRODUCTS_DIR; };
		3AF0C32B16C0DFDA009A3551 /* UIKit.framework */ = {isa = PBXFileReference; lastKnownFileType = wrapper.framework; name = UIKit.framework; path = System/Library/Frameworks/UIKit.framework; sourceTree = SDKROOT; };
		3AF0C32D16C0DFDA009A3551 /* Foundation.framework */ = {isa = PBXFileReference; lastKnownFileType = wrapper.framework; name = Foundation.framework; path = System/Library/Frameworks/Foundation.framework; sourceTree = SDKROOT; };
		3AF0C32F16C0DFDA009A3551 /* CoreGraphics.framework */ = {isa = PBXFileReference; lastKnownFileType = wrapper.framework; name = CoreGraphics.framework; path = System/Library/Frameworks/CoreGraphics.framework; sourceTree = SDKROOT; };
		3AF0C33316C0DFDB009A3551 /* geochat-Info.plist */ = {isa = PBXFileReference; lastKnownFileType = text.plist.xml; path = "geochat-Info.plist"; sourceTree = "<group>"; };
		3AF0C33516C0DFDB009A3551 /* en */ = {isa = PBXFileReference; lastKnownFileType = text.plist.strings; name = en; path = en.lproj/InfoPlist.strings; sourceTree = "<group>"; };
		3AF0C33716C0DFDB009A3551 /* main.m */ = {isa = PBXFileReference; lastKnownFileType = sourcecode.c.objc; path = main.m; sourceTree = "<group>"; };
		3AF0C33916C0DFDB009A3551 /* geochat-Prefix.pch */ = {isa = PBXFileReference; lastKnownFileType = sourcecode.c.h; path = "geochat-Prefix.pch"; sourceTree = "<group>"; };
		3AF0C33A16C0DFDB009A3551 /* GCAppDelegate.h */ = {isa = PBXFileReference; lastKnownFileType = sourcecode.c.h; path = GCAppDelegate.h; sourceTree = "<group>"; };
		3AF0C33B16C0DFDB009A3551 /* GCAppDelegate.m */ = {isa = PBXFileReference; lastKnownFileType = sourcecode.c.objc; path = GCAppDelegate.m; sourceTree = "<group>"; };
		3AF0C33D16C0DFDB009A3551 /* Default.png */ = {isa = PBXFileReference; lastKnownFileType = image.png; path = Default.png; sourceTree = "<group>"; };
		3AF0C33F16C0DFDB009A3551 /* Default@2x.png */ = {isa = PBXFileReference; lastKnownFileType = image.png; path = "Default@2x.png"; sourceTree = "<group>"; };
		3AF0C34116C0DFDB009A3551 /* Default-568h@2x.png */ = {isa = PBXFileReference; lastKnownFileType = image.png; path = "Default-568h@2x.png"; sourceTree = "<group>"; };
		3AF0C34E16C0E05F009A3551 /* GCLoginViewController.h */ = {isa = PBXFileReference; fileEncoding = 4; lastKnownFileType = sourcecode.c.h; path = GCLoginViewController.h; sourceTree = "<group>"; };
		3AF0C34F16C0E05F009A3551 /* GCLoginViewController.m */ = {isa = PBXFileReference; fileEncoding = 4; lastKnownFileType = sourcecode.c.objc; path = GCLoginViewController.m; sourceTree = "<group>"; };
		3AF0C35016C0E05F009A3551 /* GCLoginViewController.xib */ = {isa = PBXFileReference; fileEncoding = 4; lastKnownFileType = file.xib; path = GCLoginViewController.xib; sourceTree = "<group>"; };
		3AF0C35A16C0F453009A3551 /* MobileCoreServices.framework */ = {isa = PBXFileReference; lastKnownFileType = wrapper.framework; name = MobileCoreServices.framework; path = System/Library/Frameworks/MobileCoreServices.framework; sourceTree = SDKROOT; };
		F17CDA8B182F48958C381C1A /* Pods.xcconfig */ = {isa = PBXFileReference; includeInIndex = 1; lastKnownFileType = text.xcconfig; name = Pods.xcconfig; path = Pods/Pods.xcconfig; sourceTree = SOURCE_ROOT; };
/* End PBXFileReference section */

/* Begin PBXFrameworksBuildPhase section */
		3AF0C32516C0DFDA009A3551 /* Frameworks */ = {
			isa = PBXFrameworksBuildPhase;
			buildActionMask = 2147483647;
			files = (
				3ACC8A6016CB1CD30086084B /* MapKit.framework in Frameworks */,
				3AA1B74116C1E61C001EE4E8 /* CoreLocation.framework in Frameworks */,
				3AF0C35B16C0F453009A3551 /* MobileCoreServices.framework in Frameworks */,
				3AF0C32C16C0DFDA009A3551 /* UIKit.framework in Frameworks */,
				3AF0C32E16C0DFDA009A3551 /* Foundation.framework in Frameworks */,
				3AF0C33016C0DFDB009A3551 /* CoreGraphics.framework in Frameworks */,
				360DA3192B844750AF28EFA3 /* libPods.a in Frameworks */,
			);
			runOnlyForDeploymentPostprocessing = 0;
		};
/* End PBXFrameworksBuildPhase section */

/* Begin PBXGroup section */
		3A78E02516C2369D0067FC2A /* Resources */ = {
			isa = PBXGroup;
			children = (
				3A78E02616C2369D0067FC2A /* MessageInputBarBackground.png */,
				3AA1003416C5CC1300ACA768 /* SkyBlue.nss */,
				3A78E02716C2369D0067FC2A /* MessageInputBarBackground@2x.png */,
				3A78E02816C2369D0067FC2A /* MessageInputFieldBackground.png */,
				3A8C342F16C42C1B00088A97 /* default_avatar.png */,
				3A78E02916C2369D0067FC2A /* MessageInputFieldBackground@2x.png */,
				3A78E02A16C2369D0067FC2A /* SendButton.png */,
				3A78E02B16C2369D0067FC2A /* SendButton@2x.png */,
				3A78E02C16C2369D0067FC2A /* SendButtonHighlighted.png */,
				3A78E02D16C2369D0067FC2A /* SendButtonHighlighted@2x.png */,
			);
			path = Resources;
			sourceTree = "<group>";
		};
		3AA1B74316C1FB33001EE4E8 /* Controllers */ = {
			isa = PBXGroup;
			children = (
				3AF0C34E16C0E05F009A3551 /* GCLoginViewController.h */,
				3AF0C34F16C0E05F009A3551 /* GCLoginViewController.m */,
				3A3F61BA16CC23350033085E /* GCVenuesViewController.h */,
				3A3F61BB16CC23350033085E /* GCVenuesViewController.m */,
				3AA1B74F16C20120001EE4E8 /* GCConversationViewController.h */,
				3AA1B75016C20120001EE4E8 /* GCConversationViewController.m */,
			);
			name = Controllers;
			sourceTree = "<group>";
		};
		3AA1B74416C1FB51001EE4E8 /* Views */ = {
			isa = PBXGroup;
			children = (
				3AF0C35016C0E05F009A3551 /* GCLoginViewController.xib */,
				3A78E02216C236850067FC2A /* ACPlaceholderTextView.h */,
				3A78E02316C236850067FC2A /* ACPlaceholderTextView.m */,
				3A03182016C37ED100406308 /* GCMessageCell.h */,
				3A03182116C37ED100406308 /* GCMessageCell.m */,
				3A03182316C37EEA00406308 /* GCMessageCell.xib */,
				3ACC8A6116CB26CD0086084B /* GCPlaceCell.h */,
				3ACC8A6216CB26CD0086084B /* GCPlaceCell.m */,
				3ACC8A6416CB26E10086084B /* GCPlaceCell.xib */,
			);
			name = Views;
			sourceTree = "<group>";
		};
		3AA1B74516C1FE86001EE4E8 /* Models */ = {
			isa = PBXGroup;
			children = (
				3AA1B74616C1FEA5001EE4E8 /* GCConversation.h */,
				3AA1B74716C1FEA5001EE4E8 /* GCConversation.m */,
				3AA1B74916C1FF88001EE4E8 /* GCMessage.h */,
				3AA1B74A16C1FF88001EE4E8 /* GCMessage.m */,
			);
			name = Models;
			sourceTree = "<group>";
		};
		3AC7571816CAD0D300C92790 /* Libraries */ = {
			isa = PBXGroup;
			children = (
				3AC7571916CAD15C00C92790 /* ios-fontawesome */,
			);
			path = Libraries;
			sourceTree = "<group>";
		};
		3AC7571916CAD15C00C92790 /* ios-fontawesome */ = {
			isa = PBXGroup;
			children = (
				3AC7571A16CAD15C00C92790 /* .gitignore */,
				3AC7571B16CAD15C00C92790 /* .gitmodules */,
				3AC7573116CAD15C00C92790 /* FAImageView.h */,
				3AC7573216CAD15C00C92790 /* FAImageView.m */,
				3AC7573316CAD15C00C92790 /* NSString+FontAwesome.h */,
				3AC7573416CAD15C00C92790 /* NSString+FontAwesome.m */,
				3AC7573516CAD15C00C92790 /* README.md */,
				3AC7573616CAD15C00C92790 /* Resources */,
				3AC7573816CAD15C00C92790 /* UIFont+FontAwesome.h */,
				3AC7573916CAD15C00C92790 /* UIFont+FontAwesome.m */,
			);
			path = "ios-fontawesome";
			sourceTree = "<group>";
		};
		3AC7573616CAD15C00C92790 /* Resources */ = {
			isa = PBXGroup;
			children = (
				3AC7573716CAD15C00C92790 /* FontAwesome.ttf */,
			);
			path = Resources;
			sourceTree = "<group>";
		};
		3AF0C31F16C0DFDA009A3551 = {
			isa = PBXGroup;
			children = (
				3ACC8A5F16CB1CD30086084B /* MapKit.framework */,
				3AA1B74016C1E61C001EE4E8 /* CoreLocation.framework */,
				3AF0C33116C0DFDB009A3551 /* geochat */,
				3AF0C32A16C0DFDA009A3551 /* Frameworks */,
				3AC7571816CAD0D300C92790 /* Libraries */,
				3AF0C32916C0DFDA009A3551 /* Products */,
				F17CDA8B182F48958C381C1A /* Pods.xcconfig */,
				3AA1B6F116C1876E001EE4E8 /* data.plist */,
				3A78E02516C2369D0067FC2A /* Resources */,
			);
			sourceTree = "<group>";
		};
		3AF0C32916C0DFDA009A3551 /* Products */ = {
			isa = PBXGroup;
			children = (
				3AF0C32816C0DFDA009A3551 /* geochat.app */,
			);
			name = Products;
			sourceTree = "<group>";
		};
		3AF0C32A16C0DFDA009A3551 /* Frameworks */ = {
			isa = PBXGroup;
			children = (
				3AF0C35A16C0F453009A3551 /* MobileCoreServices.framework */,
				3AF0C32B16C0DFDA009A3551 /* UIKit.framework */,
				3AF0C32D16C0DFDA009A3551 /* Foundation.framework */,
				3AF0C32F16C0DFDA009A3551 /* CoreGraphics.framework */,
				13F3300638B741B1B4539FC4 /* libPods.a */,
			);
			name = Frameworks;
			sourceTree = "<group>";
		};
		3AF0C33116C0DFDB009A3551 /* geochat */ = {
			isa = PBXGroup;
			children = (
				3AA1B74416C1FB51001EE4E8 /* Views */,
				3AA1B74316C1FB33001EE4E8 /* Controllers */,
				3AA1B74516C1FE86001EE4E8 /* Models */,
				3AF0C33B16C0DFDB009A3551 /* GCAppDelegate.m */,
				3AF0C33A16C0DFDB009A3551 /* GCAppDelegate.h */,
				3AF0C33216C0DFDB009A3551 /* Supporting Files */,
				3AA1B73816C1C06F001EE4E8 /* GCNavigationController.h */,
				3AA1B73916C1C06F001EE4E8 /* GCNavigationController.m */,
			);
			path = geochat;
			sourceTree = "<group>";
		};
		3AF0C33216C0DFDB009A3551 /* Supporting Files */ = {
			isa = PBXGroup;
			children = (
				3AF0C33316C0DFDB009A3551 /* geochat-Info.plist */,
				3AF0C33416C0DFDB009A3551 /* InfoPlist.strings */,
				3AF0C33716C0DFDB009A3551 /* main.m */,
				3AF0C33916C0DFDB009A3551 /* geochat-Prefix.pch */,
				3AF0C33D16C0DFDB009A3551 /* Default.png */,
				3AF0C33F16C0DFDB009A3551 /* Default@2x.png */,
				3AF0C34116C0DFDB009A3551 /* Default-568h@2x.png */,
			);
			name = "Supporting Files";
			sourceTree = "<group>";
		};
/* End PBXGroup section */

/* Begin PBXNativeTarget section */
		3AF0C32716C0DFDA009A3551 /* geochat */ = {
			isa = PBXNativeTarget;
			buildConfigurationList = 3AF0C34B16C0DFDB009A3551 /* Build configuration list for PBXNativeTarget "geochat" */;
			buildPhases = (
				3AF0C32416C0DFDA009A3551 /* Sources */,
				3AF0C32516C0DFDA009A3551 /* Frameworks */,
				3AF0C32616C0DFDA009A3551 /* Resources */,
				9B81723D9BA548AE954432FE /* Copy Pods Resources */,
			);
			buildRules = (
			);
			dependencies = (
			);
			name = geochat;
			productName = geochat;
			productReference = 3AF0C32816C0DFDA009A3551 /* geochat.app */;
			productType = "com.apple.product-type.application";
		};
/* End PBXNativeTarget section */

/* Begin PBXProject section */
		3AF0C32016C0DFDA009A3551 /* Project object */ = {
			isa = PBXProject;
			attributes = {
				LastUpgradeCheck = 0460;
				ORGANIZATIONNAME = "Adrian Gzz";
			};
			buildConfigurationList = 3AF0C32316C0DFDA009A3551 /* Build configuration list for PBXProject "geochat" */;
			compatibilityVersion = "Xcode 3.2";
			developmentRegion = English;
			hasScannedForEncodings = 0;
			knownRegions = (
				en,
			);
			mainGroup = 3AF0C31F16C0DFDA009A3551;
			productRefGroup = 3AF0C32916C0DFDA009A3551 /* Products */;
			projectDirPath = "";
			projectRoot = "";
			targets = (
				3AF0C32716C0DFDA009A3551 /* geochat */,
			);
		};
/* End PBXProject section */

/* Begin PBXResourcesBuildPhase section */
		3AF0C32616C0DFDA009A3551 /* Resources */ = {
			isa = PBXResourcesBuildPhase;
			buildActionMask = 2147483647;
			files = (
				3AF0C33616C0DFDB009A3551 /* InfoPlist.strings in Resources */,
				3AF0C33E16C0DFDB009A3551 /* Default.png in Resources */,
				3AF0C34016C0DFDB009A3551 /* Default@2x.png in Resources */,
				3AF0C34216C0DFDB009A3551 /* Default-568h@2x.png in Resources */,
				3AF0C35216C0E05F009A3551 /* GCLoginViewController.xib in Resources */,
				3AA1B6F216C1876E001EE4E8 /* data.plist in Resources */,
				3A78E02E16C2369D0067FC2A /* MessageInputBarBackground.png in Resources */,
				3A78E02F16C2369D0067FC2A /* MessageInputBarBackground@2x.png in Resources */,
				3A78E03016C2369D0067FC2A /* MessageInputFieldBackground.png in Resources */,
				3A78E03116C2369D0067FC2A /* MessageInputFieldBackground@2x.png in Resources */,
				3A78E03216C2369D0067FC2A /* SendButton.png in Resources */,
				3A78E03316C2369D0067FC2A /* SendButton@2x.png in Resources */,
				3A78E03416C2369D0067FC2A /* SendButtonHighlighted.png in Resources */,
				3A78E03516C2369D0067FC2A /* SendButtonHighlighted@2x.png in Resources */,
				3A03182416C37EEA00406308 /* GCMessageCell.xib in Resources */,
				3A8C343016C42C1B00088A97 /* default_avatar.png in Resources */,
				3AA1003516C5CC1300ACA768 /* SkyBlue.nss in Resources */,
				3AC7573A16CAD15C00C92790 /* .gitignore in Resources */,
				3AC7573B16CAD15C00C92790 /* .gitmodules in Resources */,
				3AC7574816CAD15C00C92790 /* README.md in Resources */,
				3AC7574916CAD15C00C92790 /* FontAwesome.ttf in Resources */,
				3ACC8A6516CB26E10086084B /* GCPlaceCell.xib in Resources */,
			);
			runOnlyForDeploymentPostprocessing = 0;
		};
/* End PBXResourcesBuildPhase section */

/* Begin PBXShellScriptBuildPhase section */
		9B81723D9BA548AE954432FE /* Copy Pods Resources */ = {
			isa = PBXShellScriptBuildPhase;
			buildActionMask = 2147483647;
			files = (
			);
			inputPaths = (
			);
			name = "Copy Pods Resources";
			outputPaths = (
			);
			runOnlyForDeploymentPostprocessing = 0;
			shellPath = /bin/sh;
			shellScript = "\"${SRCROOT}/Pods/Pods-resources.sh\"\n";
		};
/* End PBXShellScriptBuildPhase section */

/* Begin PBXSourcesBuildPhase section */
		3AF0C32416C0DFDA009A3551 /* Sources */ = {
			isa = PBXSourcesBuildPhase;
			buildActionMask = 2147483647;
			files = (
				3AF0C33816C0DFDB009A3551 /* main.m in Sources */,
				3AF0C33C16C0DFDB009A3551 /* GCAppDelegate.m in Sources */,
				3AF0C35116C0E05F009A3551 /* GCLoginViewController.m in Sources */,
				3AA1B73A16C1C070001EE4E8 /* GCNavigationController.m in Sources */,
				3AA1B74816C1FEA5001EE4E8 /* GCConversation.m in Sources */,
				3AA1B74B16C1FF88001EE4E8 /* GCMessage.m in Sources */,
				3AA1B75116C20120001EE4E8 /* GCConversationViewController.m in Sources */,
				3A78E02416C236850067FC2A /* ACPlaceholderTextView.m in Sources */,
				3A03182216C37ED100406308 /* GCMessageCell.m in Sources */,
				3AC7574616CAD15C00C92790 /* FAImageView.m in Sources */,
				3AC7574716CAD15C00C92790 /* NSString+FontAwesome.m in Sources */,
				3AC7574A16CAD15C00C92790 /* UIFont+FontAwesome.m in Sources */,
				3ACC8A6316CB26CD0086084B /* GCPlaceCell.m in Sources */,
				3A3F61BC16CC23350033085E /* GCVenuesViewController.m in Sources */,
			);
			runOnlyForDeploymentPostprocessing = 0;
		};
/* End PBXSourcesBuildPhase section */

/* Begin PBXVariantGroup section */
		3AF0C33416C0DFDB009A3551 /* InfoPlist.strings */ = {
			isa = PBXVariantGroup;
			children = (
				3AF0C33516C0DFDB009A3551 /* en */,
			);
			name = InfoPlist.strings;
			sourceTree = "<group>";
		};
/* End PBXVariantGroup section */

/* Begin XCBuildConfiguration section */
		3AF0C34916C0DFDB009A3551 /* Debug */ = {
			isa = XCBuildConfiguration;
			buildSettings = {
				ALWAYS_SEARCH_USER_PATHS = NO;
				CLANG_CXX_LANGUAGE_STANDARD = "gnu++0x";
				CLANG_CXX_LIBRARY = "libc++";
				CLANG_ENABLE_OBJC_ARC = YES;
				CLANG_WARN_CONSTANT_CONVERSION = YES;
				CLANG_WARN_EMPTY_BODY = YES;
				CLANG_WARN_ENUM_CONVERSION = YES;
				CLANG_WARN_INT_CONVERSION = YES;
				CLANG_WARN__DUPLICATE_METHOD_MATCH = YES;
				"CODE_SIGN_IDENTITY[sdk=iphoneos*]" = "iPhone Developer";
				COPY_PHASE_STRIP = NO;
				GCC_C_LANGUAGE_STANDARD = gnu99;
				GCC_DYNAMIC_NO_PIC = NO;
				GCC_OPTIMIZATION_LEVEL = 0;
				GCC_PREPROCESSOR_DEFINITIONS = (
					"DEBUG=1",
					"$(inherited)",
				);
				GCC_SYMBOLS_PRIVATE_EXTERN = NO;
				GCC_WARN_ABOUT_RETURN_TYPE = YES;
				GCC_WARN_UNINITIALIZED_AUTOS = YES;
				GCC_WARN_UNUSED_VARIABLE = YES;
				IPHONEOS_DEPLOYMENT_TARGET = 6.1;
				ONLY_ACTIVE_ARCH = YES;
				SDKROOT = iphoneos;
			};
			name = Debug;
		};
		3AF0C34A16C0DFDB009A3551 /* Release */ = {
			isa = XCBuildConfiguration;
			buildSettings = {
				ALWAYS_SEARCH_USER_PATHS = NO;
				CLANG_CXX_LANGUAGE_STANDARD = "gnu++0x";
				CLANG_CXX_LIBRARY = "libc++";
				CLANG_ENABLE_OBJC_ARC = YES;
				CLANG_WARN_CONSTANT_CONVERSION = YES;
				CLANG_WARN_EMPTY_BODY = YES;
				CLANG_WARN_ENUM_CONVERSION = YES;
				CLANG_WARN_INT_CONVERSION = YES;
				CLANG_WARN__DUPLICATE_METHOD_MATCH = YES;
				"CODE_SIGN_IDENTITY[sdk=iphoneos*]" = "iPhone Developer";
				COPY_PHASE_STRIP = YES;
				GCC_C_LANGUAGE_STANDARD = gnu99;
				GCC_WARN_ABOUT_RETURN_TYPE = YES;
				GCC_WARN_UNINITIALIZED_AUTOS = YES;
				GCC_WARN_UNUSED_VARIABLE = YES;
				IPHONEOS_DEPLOYMENT_TARGET = 6.1;
				OTHER_CFLAGS = "-DNS_BLOCK_ASSERTIONS=1";
				SDKROOT = iphoneos;
				VALIDATE_PRODUCT = YES;
			};
			name = Release;
		};
		3AF0C34C16C0DFDB009A3551 /* Debug */ = {
			isa = XCBuildConfiguration;
			baseConfigurationReference = F17CDA8B182F48958C381C1A /* Pods.xcconfig */;
			buildSettings = {
				FOURSQUARE_CALLBACK_URL = "geochat://foursquare";
				FOURSQUARE_CLIENT_ID = W2XHXBWO2BSTSDJI1QPCZVIYBQFJJDOQUFLKW5TLLN4GRHRM;
				GCC_PRECOMPILE_PREFIX_HEADER = YES;
				GCC_PREFIX_HEADER = "geochat/geochat-Prefix.pch";
				INFOPLIST_FILE = "geochat/geochat-Info.plist";
				IPHONEOS_DEPLOYMENT_TARGET = 6.1;
				PRODUCT_NAME = "$(TARGET_NAME)";
				TARGETED_DEVICE_FAMILY = 1;
				WRAPPER_EXTENSION = app;
			};
			name = Debug;
		};
		3AF0C34D16C0DFDB009A3551 /* Release */ = {
			isa = XCBuildConfiguration;
			baseConfigurationReference = F17CDA8B182F48958C381C1A /* Pods.xcconfig */;
			buildSettings = {
				FOURSQUARE_CALLBACK_URL = "geochat://foursquare";
				FOURSQUARE_CLIENT_ID = W2XHXBWO2BSTSDJI1QPCZVIYBQFJJDOQUFLKW5TLLN4GRHRM;
				GCC_PRECOMPILE_PREFIX_HEADER = YES;
				GCC_PREFIX_HEADER = "geochat/geochat-Prefix.pch";
				INFOPLIST_FILE = "geochat/geochat-Info.plist";
				IPHONEOS_DEPLOYMENT_TARGET = 6.1;
				PRODUCT_NAME = "$(TARGET_NAME)";
				TARGETED_DEVICE_FAMILY = 1;
				WRAPPER_EXTENSION = app;
			};
			name = Release;
		};
/* End XCBuildConfiguration section */

/* Begin XCConfigurationList section */
		3AF0C32316C0DFDA009A3551 /* Build configuration list for PBXProject "geochat" */ = {
			isa = XCConfigurationList;
			buildConfigurations = (
				3AF0C34916C0DFDB009A3551 /* Debug */,
				3AF0C34A16C0DFDB009A3551 /* Release */,
			);
			defaultConfigurationIsVisible = 0;
			defaultConfigurationName = Release;
		};
		3AF0C34B16C0DFDB009A3551 /* Build configuration list for PBXNativeTarget "geochat" */ = {
			isa = XCConfigurationList;
			buildConfigurations = (
				3AF0C34C16C0DFDB009A3551 /* Debug */,
				3AF0C34D16C0DFDB009A3551 /* Release */,
			);
			defaultConfigurationIsVisible = 0;
			defaultConfigurationName = Release;
		};
/* End XCConfigurationList section */
	};
	rootObject = 3AF0C32016C0DFDA009A3551 /* Project object */;
}
